
Microsoft Visual Studio Solution File, Format Version 12.00
# Visual Studio 15
VisualStudioVersion = 15.0.27130.2024
MinimumVisualStudioVersion = 10.0.40219.1
Project("{A07B5EB6-E848-4116-A8D0-A826331D98C6}") = "ActorModelDemo", "ActorModelDemo\ActorModelDemo.sfproj", "{E8C28FCC-9860-4252-AC2F-6AF1690DBE5D}"
EndProject
Project("{FAE04EC0-301F-11D3-BF4B-00C04F79EFBC}") = "ActorDemo", "ActorDemo\ActorDemo.csproj", "{32E392A2-D000-4E19-8D99-29757C7A70E9}"
EndProject
Project("{FAE04EC0-301F-11D3-BF4B-00C04F79EFBC}") = "ActorDemo.Interfaces", "ActorDemo.Interfaces\ActorDemo.Interfaces.csproj", "{7CDFFA13-8A9C-4786-97A5-F1B2E91075CA}"
EndProject
Project("{FAE04EC0-301F-11D3-BF4B-00C04F79EFBC}") = "ActorModelDemo.Core", "ActorModelDemo.Core\ActorModelDemo.Core.csproj", "{30EE7513-3DBC-4125-9239-E027A004E0F8}"
EndProject
Project("{FAE04EC0-301F-11D3-BF4B-00C04F79EFBC}") = "ClientActor", "ClientActor\ClientActor.csproj", "{A6013904-FC1B-4FDE-B190-669A0C98CD46}"
EndProject
Project("{FAE04EC0-301F-11D3-BF4B-00C04F79EFBC}") = "ClientActor.Interfaces", "ClientActor.Interfaces\ClientActor.Interfaces.csproj", "{8EF3F7EF-9023-4345-96E7-83C6A62DBBED}"
EndProject
Project("{FAE04EC0-301F-11D3-BF4B-00C04F79EFBC}") = "TestConsole", "TestConsole\TestConsole.csproj", "{7A07E1D6-7AEF-44E1-A814-494E2B215022}"
EndProject
Project("{2150E333-8FDC-42A3-9474-1A3956D46DE8}") = "Solution Items", "Solution Items", "{05E5331F-4497-4969-A89B-6600FE06A7E4}"
	ProjectSection(SolutionItems) = preProject
		ReadMe.md = ReadMe.md
	EndProjectSection
EndProject
Project("{2150E333-8FDC-42A3-9474-1A3956D46DE8}") = "Documentation", "Documentation", "{94ED2BBB-D108-4410-8B52-3AB6F1F29A6A}"
	ProjectSection(SolutionItems) = preProject
		Documentation\FireAndForget.md = Documentation\FireAndForget.md
	EndProjectSection
EndProject
Global
	GlobalSection(SolutionConfigurationPlatforms) = preSolution
		Debug|Any CPU = Debug|Any CPU
		Debug|x64 = Debug|x64
		Release|Any CPU = Release|Any CPU
		Release|x64 = Release|x64
	EndGlobalSection
	GlobalSection(ProjectConfigurationPlatforms) = postSolution
		{E8C28FCC-9860-4252-AC2F-6AF1690DBE5D}.Debug|Any CPU.ActiveCfg = Debug|x64
		{E8C28FCC-9860-4252-AC2F-6AF1690DBE5D}.Debug|x64.ActiveCfg = Debug|x64
		{E8C28FCC-9860-4252-AC2F-6AF1690DBE5D}.Debug|x64.Build.0 = Debug|x64
		{E8C28FCC-9860-4252-AC2F-6AF1690DBE5D}.Debug|x64.Deploy.0 = Debug|x64
		{E8C28FCC-9860-4252-AC2F-6AF1690DBE5D}.Release|Any CPU.ActiveCfg = Release|x64
		{E8C28FCC-9860-4252-AC2F-6AF1690DBE5D}.Release|x64.ActiveCfg = Release|x64
		{E8C28FCC-9860-4252-AC2F-6AF1690DBE5D}.Release|x64.Build.0 = Release|x64
		{E8C28FCC-9860-4252-AC2F-6AF1690DBE5D}.Release|x64.Deploy.0 = Release|x64
		{32E392A2-D000-4E19-8D99-29757C7A70E9}.Debug|Any CPU.ActiveCfg = Debug|x64
		{32E392A2-D000-4E19-8D99-29757C7A70E9}.Debug|x64.ActiveCfg = Debug|x64
		{32E392A2-D000-4E19-8D99-29757C7A70E9}.Debug|x64.Build.0 = Debug|x64
		{32E392A2-D000-4E19-8D99-29757C7A70E9}.Release|Any CPU.ActiveCfg = Release|x64
		{32E392A2-D000-4E19-8D99-29757C7A70E9}.Release|x64.ActiveCfg = Release|x64
		{32E392A2-D000-4E19-8D99-29757C7A70E9}.Release|x64.Build.0 = Release|x64
		{7CDFFA13-8A9C-4786-97A5-F1B2E91075CA}.Debug|Any CPU.ActiveCfg = Debug|x64
		{7CDFFA13-8A9C-4786-97A5-F1B2E91075CA}.Debug|x64.ActiveCfg = Debug|x64
		{7CDFFA13-8A9C-4786-97A5-F1B2E91075CA}.Debug|x64.Build.0 = Debug|x64
		{7CDFFA13-8A9C-4786-97A5-F1B2E91075CA}.Release|Any CPU.ActiveCfg = Release|x64
		{7CDFFA13-8A9C-4786-97A5-F1B2E91075CA}.Release|x64.ActiveCfg = Release|x64
		{7CDFFA13-8A9C-4786-97A5-F1B2E91075CA}.Release|x64.Build.0 = Release|x64
		{30EE7513-3DBC-4125-9239-E027A004E0F8}.Debug|Any CPU.ActiveCfg = Debug|Any CPU
		{30EE7513-3DBC-4125-9239-E027A004E0F8}.Debug|Any CPU.Build.0 = Debug|Any CPU
		{30EE7513-3DBC-4125-9239-E027A004E0F8}.Debug|x64.ActiveCfg = Debug|Any CPU
		{30EE7513-3DBC-4125-9239-E027A004E0F8}.Debug|x64.Build.0 = Debug|Any CPU
		{30EE7513-3DBC-4125-9239-E027A004E0F8}.Release|Any CPU.ActiveCfg = Release|Any CPU
		{30EE7513-3DBC-4125-9239-E027A004E0F8}.Release|Any CPU.Build.0 = Release|Any CPU
		{30EE7513-3DBC-4125-9239-E027A004E0F8}.Release|x64.ActiveCfg = Release|Any CPU
		{30EE7513-3DBC-4125-9239-E027A004E0F8}.Release|x64.Build.0 = Release|Any CPU
		{A6013904-FC1B-4FDE-B190-669A0C98CD46}.Debug|Any CPU.ActiveCfg = Debug|x64
		{A6013904-FC1B-4FDE-B190-669A0C98CD46}.Debug|x64.ActiveCfg = Debug|x64
		{A6013904-FC1B-4FDE-B190-669A0C98CD46}.Debug|x64.Build.0 = Debug|x64
		{A6013904-FC1B-4FDE-B190-669A0C98CD46}.Release|Any CPU.ActiveCfg = Release|x64
		{A6013904-FC1B-4FDE-B190-669A0C98CD46}.Release|x64.ActiveCfg = Release|x64
		{A6013904-FC1B-4FDE-B190-669A0C98CD46}.Release|x64.Build.0 = Release|x64
		{8EF3F7EF-9023-4345-96E7-83C6A62DBBED}.Debug|Any CPU.ActiveCfg = Debug|x64
		{8EF3F7EF-9023-4345-96E7-83C6A62DBBED}.Debug|x64.ActiveCfg = Debug|x64
		{8EF3F7EF-9023-4345-96E7-83C6A62DBBED}.Debug|x64.Build.0 = Debug|x64
		{8EF3F7EF-9023-4345-96E7-83C6A62DBBED}.Release|Any CPU.ActiveCfg = Release|x64
		{8EF3F7EF-9023-4345-96E7-83C6A62DBBED}.Release|x64.ActiveCfg = Release|x64
		{8EF3F7EF-9023-4345-96E7-83C6A62DBBED}.Release|x64.Build.0 = Release|x64
		{7A07E1D6-7AEF-44E1-A814-494E2B215022}.Debug|Any CPU.ActiveCfg = Debug|Any CPU
		{7A07E1D6-7AEF-44E1-A814-494E2B215022}.Debug|Any CPU.Build.0 = Debug|Any CPU
		{7A07E1D6-7AEF-44E1-A814-494E2B215022}.Debug|x64.ActiveCfg = Debug|Any CPU
		{7A07E1D6-7AEF-44E1-A814-494E2B215022}.Debug|x64.Build.0 = Debug|Any CPU
		{7A07E1D6-7AEF-44E1-A814-494E2B215022}.Release|Any CPU.ActiveCfg = Release|Any CPU
		{7A07E1D6-7AEF-44E1-A814-494E2B215022}.Release|Any CPU.Build.0 = Release|Any CPU
		{7A07E1D6-7AEF-44E1-A814-494E2B215022}.Release|x64.ActiveCfg = Release|Any CPU
		{7A07E1D6-7AEF-44E1-A814-494E2B215022}.Release|x64.Build.0 = Release|Any CPU
	EndGlobalSection
	GlobalSection(SolutionProperties) = preSolution
		HideSolutionNode = FALSE
	EndGlobalSection
	GlobalSection(ExtensibilityGlobals) = postSolution
		SolutionGuid = {FE30500D-CE5B-4FDD-AE28-066C4F1D2661}
	EndGlobalSection
EndGlobal
